
Microsoft Visual Studio Solution File, Format Version 12.00
# Visual Studio Version 17
VisualStudioVersion = 17.6.33723.286
MinimumVisualStudioVersion = 10.0.40219.1
Project("{9A19103F-16F7-4668-BE54-9A1E7A4F7556}") = "ClassBackendBotanica", "ClassBackendBotanica.csproj", "{9C36AE4E-8A33-4440-B8C9-CD21ACCF3ED0}"
EndProject
Project("{9A19103F-16F7-4668-BE54-9A1E7A4F7556}") = "WebApplicationBackendBotanica", "..\WebApplicationBackendBotanica\WebApplicationBackendBotanica.csproj", "{2337311E-2C24-492C-8573-5235D35E93DE}"
EndProject
Project("{9A19103F-16F7-4668-BE54-9A1E7A4F7556}") = "botanicaencomedasAPI", "..\botanicaencomedasAPI\botanicaencomedasAPI.csproj", "{8F7BAA17-0329-458E-B216-5018F55B3BF5}"
EndProject
Project("{FAE04EC0-301F-11D3-BF4B-00C04F79EFBC}") = "BotanicaEncomendasEnd", "..\BotanicaEncomendasEnd\BotanicaEncomendasEnd.csproj", "{087ACCC4-18A2-48B9-B28D-11C79084E68B}"
EndProject
Global
	GlobalSection(SolutionConfigurationPlatforms) = preSolution
		Debug|Any CPU = Debug|Any CPU
		Release|Any CPU = Release|Any CPU
	EndGlobalSection
	GlobalSection(ProjectConfigurationPlatforms) = postSolution
		{9C36AE4E-8A33-4440-B8C9-CD21ACCF3ED0}.Debug|Any CPU.ActiveCfg = Debug|Any CPU
		{9C36AE4E-8A33-4440-B8C9-CD21ACCF3ED0}.Debug|Any CPU.Build.0 = Debug|Any CPU
		{9C36AE4E-8A33-4440-B8C9-CD21ACCF3ED0}.Release|Any CPU.ActiveCfg = Release|Any CPU
		{9C36AE4E-8A33-4440-B8C9-CD21ACCF3ED0}.Release|Any CPU.Build.0 = Release|Any CPU
		{2337311E-2C24-492C-8573-5235D35E93DE}.Debug|Any CPU.ActiveCfg = Debug|Any CPU
		{2337311E-2C24-492C-8573-5235D35E93DE}.Debug|Any CPU.Build.0 = Debug|Any CPU
		{2337311E-2C24-492C-8573-5235D35E93DE}.Release|Any CPU.ActiveCfg = Release|Any CPU
		{2337311E-2C24-492C-8573-5235D35E93DE}.Release|Any CPU.Build.0 = Release|Any CPU
		{8F7BAA17-0329-458E-B216-5018F55B3BF5}.Debug|Any CPU.ActiveCfg = Debug|Any CPU
		{8F7BAA17-0329-458E-B216-5018F55B3BF5}.Debug|Any CPU.Build.0 = Debug|Any CPU
		{8F7BAA17-0329-458E-B216-5018F55B3BF5}.Release|Any CPU.ActiveCfg = Release|Any CPU
		{8F7BAA17-0329-458E-B216-5018F55B3BF5}.Release|Any CPU.Build.0 = Release|Any CPU
		{087ACCC4-18A2-48B9-B28D-11C79084E68B}.Debug|Any CPU.ActiveCfg = Debug|Any CPU
		{087ACCC4-18A2-48B9-B28D-11C79084E68B}.Debug|Any CPU.Build.0 = Debug|Any CPU
		{087ACCC4-18A2-48B9-B28D-11C79084E68B}.Release|Any CPU.ActiveCfg = Release|Any CPU
		{087ACCC4-18A2-48B9-B28D-11C79084E68B}.Release|Any CPU.Build.0 = Release|Any CPU
	EndGlobalSection
	GlobalSection(SolutionProperties) = preSolution
		HideSolutionNode = FALSE
	EndGlobalSection
	GlobalSection(ExtensibilityGlobals) = postSolution
		SolutionGuid = {CC308331-0DDD-4226-8071-1BDC973FBA93}
	EndGlobalSection
EndGlobal
