
Microsoft Visual Studio Solution File, Format Version 12.00
# Visual Studio Version 17
VisualStudioVersion = 17.6.33723.286
MinimumVisualStudioVersion = 10.0.40219.1
Project("{9A19103F-16F7-4668-BE54-9A1E7A4F7556}") = "ClassBackendBotanica", "ClassBackendBotanica.csproj", "{9C36AE4E-8A33-4440-B8C9-CD21ACCF3ED0}"
EndProject
Project("{9A19103F-16F7-4668-BE54-9A1E7A4F7556}") = "WebApplicationBackendBotanica", "..\WebApplicationBackendBotanica\WebApplicationBackendBotanica.csproj", "{2337311E-2C24-492C-8573-5235D35E93DE}"
EndProject
Project("{9A19103F-16F7-4668-BE54-9A1E7A4F7556}") = "botanicaencomedasAPI", "..\botanicaencomedasAPI\botanicaencomedasAPI.csproj", "{8F7BAA17-0329-458E-B216-5018F55B3BF5}"
EndProject
Project("{9A19103F-16F7-4668-BE54-9A1E7A4F7556}") = "BotanicaFrontEnd", "..\BotanicaFrontEnd\BotanicaFrontEnd.csproj", "{5B60FE7C-C7BD-40B1-9D3F-3679E94ECB35}"
EndProject
Project("{9A19103F-16F7-4668-BE54-9A1E7A4F7556}") = "BotanicaContext", "..\BotanicaContext\BotanicaContext.csproj", "{13619FF1-606B-4E5C-A977-5EBF57D39447}"
EndProject
Project("{9A19103F-16F7-4668-BE54-9A1E7A4F7556}") = "ClassBackenBotanitaTest", "..\ClassBackenBotanitaTest\ClassBackenBotanitaTest.csproj", "{44EC6668-A8C3-4DD3-9CD2-7F5932FDEF97}"
EndProject
Global
	GlobalSection(SolutionConfigurationPlatforms) = preSolution
		Debug|Any CPU = Debug|Any CPU
		Release|Any CPU = Release|Any CPU
	EndGlobalSection
	GlobalSection(ProjectConfigurationPlatforms) = postSolution
		{9C36AE4E-8A33-4440-B8C9-CD21ACCF3ED0}.Debug|Any CPU.ActiveCfg = Debug|Any CPU
		{9C36AE4E-8A33-4440-B8C9-CD21ACCF3ED0}.Debug|Any CPU.Build.0 = Debug|Any CPU
		{9C36AE4E-8A33-4440-B8C9-CD21ACCF3ED0}.Release|Any CPU.ActiveCfg = Release|Any CPU
		{9C36AE4E-8A33-4440-B8C9-CD21ACCF3ED0}.Release|Any CPU.Build.0 = Release|Any CPU
		{2337311E-2C24-492C-8573-5235D35E93DE}.Debug|Any CPU.ActiveCfg = Debug|Any CPU
		{2337311E-2C24-492C-8573-5235D35E93DE}.Debug|Any CPU.Build.0 = Debug|Any CPU
		{2337311E-2C24-492C-8573-5235D35E93DE}.Release|Any CPU.ActiveCfg = Release|Any CPU
		{2337311E-2C24-492C-8573-5235D35E93DE}.Release|Any CPU.Build.0 = Release|Any CPU
		{8F7BAA17-0329-458E-B216-5018F55B3BF5}.Debug|Any CPU.ActiveCfg = Debug|Any CPU
		{8F7BAA17-0329-458E-B216-5018F55B3BF5}.Debug|Any CPU.Build.0 = Debug|Any CPU
		{8F7BAA17-0329-458E-B216-5018F55B3BF5}.Release|Any CPU.ActiveCfg = Release|Any CPU
		{8F7BAA17-0329-458E-B216-5018F55B3BF5}.Release|Any CPU.Build.0 = Release|Any CPU
		{5B60FE7C-C7BD-40B1-9D3F-3679E94ECB35}.Debug|Any CPU.ActiveCfg = Debug|Any CPU
		{5B60FE7C-C7BD-40B1-9D3F-3679E94ECB35}.Debug|Any CPU.Build.0 = Debug|Any CPU
		{5B60FE7C-C7BD-40B1-9D3F-3679E94ECB35}.Release|Any CPU.ActiveCfg = Release|Any CPU
		{5B60FE7C-C7BD-40B1-9D3F-3679E94ECB35}.Release|Any CPU.Build.0 = Release|Any CPU
		{13619FF1-606B-4E5C-A977-5EBF57D39447}.Debug|Any CPU.ActiveCfg = Debug|Any CPU
		{13619FF1-606B-4E5C-A977-5EBF57D39447}.Debug|Any CPU.Build.0 = Debug|Any CPU
		{13619FF1-606B-4E5C-A977-5EBF57D39447}.Release|Any CPU.ActiveCfg = Release|Any CPU
		{13619FF1-606B-4E5C-A977-5EBF57D39447}.Release|Any CPU.Build.0 = Release|Any CPU
		{44EC6668-A8C3-4DD3-9CD2-7F5932FDEF97}.Debug|Any CPU.ActiveCfg = Debug|Any CPU
		{44EC6668-A8C3-4DD3-9CD2-7F5932FDEF97}.Debug|Any CPU.Build.0 = Debug|Any CPU
		{44EC6668-A8C3-4DD3-9CD2-7F5932FDEF97}.Release|Any CPU.ActiveCfg = Release|Any CPU
		{44EC6668-A8C3-4DD3-9CD2-7F5932FDEF97}.Release|Any CPU.Build.0 = Release|Any CPU
	EndGlobalSection
	GlobalSection(SolutionProperties) = preSolution
		HideSolutionNode = FALSE
	EndGlobalSection
	GlobalSection(ExtensibilityGlobals) = postSolution
		SolutionGuid = {CC308331-0DDD-4226-8071-1BDC973FBA93}
	EndGlobalSection
EndGlobal
